// !$*UTF8*$!
{
	archiveVersion = 1;
	classes = {
	};
	objectVersion = 56;
	objects = {

/* Begin PBXBuildFile section */
		52368BAC2A5715FA00610C9E /* AppDelegate.swift in Sources */ = {isa = PBXBuildFile; fileRef = 52368BAB2A5715FA00610C9E /* AppDelegate.swift */; };
		52368BAE2A5715FA00610C9E /* SceneDelegate.swift in Sources */ = {isa = PBXBuildFile; fileRef = 52368BAD2A5715FA00610C9E /* SceneDelegate.swift */; };
		52368BB02A5715FA00610C9E /* ViewController.swift in Sources */ = {isa = PBXBuildFile; fileRef = 52368BAF2A5715FA00610C9E /* ViewController.swift */; };
		52368BB32A5715FA00610C9E /* Main.storyboard in Resources */ = {isa = PBXBuildFile; fileRef = 52368BB12A5715FA00610C9E /* Main.storyboard */; };
		52368BB52A5715FD00610C9E /* Assets.xcassets in Resources */ = {isa = PBXBuildFile; fileRef = 52368BB42A5715FD00610C9E /* Assets.xcassets */; };
		52368BB82A5715FD00610C9E /* LaunchScreen.storyboard in Resources */ = {isa = PBXBuildFile; fileRef = 52368BB62A5715FD00610C9E /* LaunchScreen.storyboard */; };
		52368BC02A5716FE00610C9E /* Model.swift in Sources */ = {isa = PBXBuildFile; fileRef = 52368BBF2A5716FE00610C9E /* Model.swift */; };
		52368BC32A5717B600610C9E /* DetailCell.swift in Sources */ = {isa = PBXBuildFile; fileRef = 52368BC12A5717B600610C9E /* DetailCell.swift */; };
		52368BC42A5717B600610C9E /* DetailCell.xib in Resources */ = {isa = PBXBuildFile; fileRef = 52368BC22A5717B600610C9E /* DetailCell.xib */; };
/* End PBXBuildFile section */

/* Begin PBXFileReference section */
		52368BA82A5715FA00610C9E /* CustomCellExpandTbv.app */ = {isa = PBXFileReference; explicitFileType = wrapper.application; includeInIndex = 0; path = CustomCellExpandTbv.app; sourceTree = BUILT_PRODUCTS_DIR; };
		52368BAB2A5715FA00610C9E /* AppDelegate.swift */ = {isa = PBXFileReference; lastKnownFileType = sourcecode.swift; path = AppDelegate.swift; sourceTree = "<group>"; };
		52368BAD2A5715FA00610C9E /* SceneDelegate.swift */ = {isa = PBXFileReference; lastKnownFileType = sourcecode.swift; path = SceneDelegate.swift; sourceTree = "<group>"; };
		52368BAF2A5715FA00610C9E /* ViewController.swift */ = {isa = PBXFileReference; lastKnownFileType = sourcecode.swift; path = ViewController.swift; sourceTree = "<group>"; };
		52368BB22A5715FA00610C9E /* Base */ = {isa = PBXFileReference; lastKnownFileType = file.storyboard; name = Base; path = Base.lproj/Main.storyboard; sourceTree = "<group>"; };
		52368BB42A5715FD00610C9E /* Assets.xcassets */ = {isa = PBXFileReference; lastKnownFileType = folder.assetcatalog; path = Assets.xcassets; sourceTree = "<group>"; };
		52368BB72A5715FD00610C9E /* Base */ = {isa = PBXFileReference; lastKnownFileType = file.storyboard; name = Base; path = Base.lproj/LaunchScreen.storyboard; sourceTree = "<group>"; };
		52368BB92A5715FD00610C9E /* Info.plist */ = {isa = PBXFileReference; lastKnownFileType = text.plist.xml; path = Info.plist; sourceTree = "<group>"; };
		52368BBF2A5716FE00610C9E /* Model.swift */ = {isa = PBXFileReference; lastKnownFileType = sourcecode.swift; path = Model.swift; sourceTree = "<group>"; };
		52368BC12A5717B600610C9E /* DetailCell.swift */ = {isa = PBXFileReference; lastKnownFileType = sourcecode.swift; path = DetailCell.swift; sourceTree = "<group>"; };
		52368BC22A5717B600610C9E /* DetailCell.xib */ = {isa = PBXFileReference; lastKnownFileType = file.xib; path = DetailCell.xib; sourceTree = "<group>"; };
/* End PBXFileReference section */

/* Begin PBXFrameworksBuildPhase section */
		52368BA52A5715FA00610C9E /* Frameworks */ = {
			isa = PBXFrameworksBuildPhase;
			buildActionMask = 2147483647;
			files = (
			);
			runOnlyForDeploymentPostprocessing = 0;
		};
/* End PBXFrameworksBuildPhase section */

/* Begin PBXGroup section */
		52368B9F2A5715FA00610C9E = {
			isa = PBXGroup;
			children = (
				52368BAA2A5715FA00610C9E /* CustomCellExpandTbv */,
				52368BA92A5715FA00610C9E /* Products */,
			);
			sourceTree = "<group>";
		};
		52368BA92A5715FA00610C9E /* Products */ = {
			isa = PBXGroup;
			children = (
				52368BA82A5715FA00610C9E /* CustomCellExpandTbv.app */,
			);
			name = Products;
			sourceTree = "<group>";
		};
		52368BAA2A5715FA00610C9E /* CustomCellExpandTbv */ = {
			isa = PBXGroup;
			children = (
				52368BAB2A5715FA00610C9E /* AppDelegate.swift */,
				52368BAD2A5715FA00610C9E /* SceneDelegate.swift */,
				52368BAF2A5715FA00610C9E /* ViewController.swift */,
				52368BB12A5715FA00610C9E /* Main.storyboard */,
				52368BB42A5715FD00610C9E /* Assets.xcassets */,
				52368BB62A5715FD00610C9E /* LaunchScreen.storyboard */,
				52368BB92A5715FD00610C9E /* Info.plist */,
				52368BBF2A5716FE00610C9E /* Model.swift */,
				52368BC12A5717B600610C9E /* DetailCell.swift */,
				52368BC22A5717B600610C9E /* DetailCell.xib */,
			);
			path = CustomCellExpandTbv;
			sourceTree = "<group>";
		};
/* End PBXGroup section */

/* Begin PBXNativeTarget section */
		52368BA72A5715FA00610C9E /* CustomCellExpandTbv */ = {
			isa = PBXNativeTarget;
			buildConfigurationList = 52368BBC2A5715FD00610C9E /* Build configuration list for PBXNativeTarget "CustomCellExpandTbv" */;
			buildPhases = (
				52368BA42A5715FA00610C9E /* Sources */,
				52368BA52A5715FA00610C9E /* Frameworks */,
				52368BA62A5715FA00610C9E /* Resources */,
			);
			buildRules = (
			);
			dependencies = (
			);
			name = CustomCellExpandTbv;
			productName = CustomCellExpandTbv;
			productReference = 52368BA82A5715FA00610C9E /* CustomCellExpandTbv.app */;
			productType = "com.apple.product-type.application";
		};
/* End PBXNativeTarget section */

/* Begin PBXProject section */
		52368BA02A5715FA00610C9E /* Project object */ = {
			isa = PBXProject;
			attributes = {
				BuildIndependentTargetsInParallel = 1;
				LastSwiftUpdateCheck = 1420;
				LastUpgradeCheck = 1420;
				TargetAttributes = {
					52368BA72A5715FA00610C9E = {
						CreatedOnToolsVersion = 14.2;
					};
				};
			};
			buildConfigurationList = 52368BA32A5715FA00610C9E /* Build configuration list for PBXProject "CustomCellExpandTbv" */;
			compatibilityVersion = "Xcode 14.0";
			developmentRegion = en;
			hasScannedForEncodings = 0;
			knownRegions = (
				en,
				Base,
			);
			mainGroup = 52368B9F2A5715FA00610C9E;
			productRefGroup = 52368BA92A5715FA00610C9E /* Products */;
			projectDirPath = "";
			projectRoot = "";
			targets = (
				52368BA72A5715FA00610C9E /* CustomCellExpandTbv */,
			);
		};
/* End PBXProject section */

/* Begin PBXResourcesBuildPhase section */
		52368BA62A5715FA00610C9E /* Resources */ = {
			isa = PBXResourcesBuildPhase;
			buildActionMask = 2147483647;
			files = (
				52368BB82A5715FD00610C9E /* LaunchScreen.storyboard in Resources */,
				52368BB52A5715FD00610C9E /* Assets.xcassets in Resources */,
				52368BC42A5717B600610C9E /* DetailCell.xib in Resources */,
				52368BB32A5715FA00610C9E /* Main.storyboard in Resources */,
			);
			runOnlyForDeploymentPostprocessing = 0;
		};
/* End PBXResourcesBuildPhase section */

/* Begin PBXSourcesBuildPhase section */
		52368BA42A5715FA00610C9E /* Sources */ = {
			isa = PBXSourcesBuildPhase;
			buildActionMask = 2147483647;
			files = (
				52368BC32A5717B600610C9E /* DetailCell.swift in Sources */,
				52368BB02A5715FA00610C9E /* ViewController.swift in Sources */,
				52368BAC2A5715FA00610C9E /* AppDelegate.swift in Sources */,
				52368BAE2A5715FA00610C9E /* SceneDelegate.swift in Sources */,
				52368BC02A5716FE00610C9E /* Model.swift in Sources */,
			);
			runOnlyForDeploymentPostprocessing = 0;
		};
/* End PBXSourcesBuildPhase section */

/* Begin PBXVariantGroup section */
		52368BB12A5715FA00610C9E /* Main.storyboard */ = {
			isa = PBXVariantGroup;
			children = (
				52368BB22A5715FA00610C9E /* Base */,
			);
			name = Main.storyboard;
			sourceTree = "<group>";
		};
		52368BB62A5715FD00610C9E /* LaunchScreen.storyboard */ = {
			isa = PBXVariantGroup;
			children = (
				52368BB72A5715FD00610C9E /* Base */,
			);
			name = LaunchScreen.storyboard;
			sourceTree = "<group>";
		};
/* End PBXVariantGroup section */

/* Begin XCBuildConfiguration section */
		52368BBA2A5715FD00610C9E /* Debug */ = {
			isa = XCBuildConfiguration;
			buildSettings = {
				ALWAYS_SEARCH_USER_PATHS = NO;
				CLANG_ANALYZER_NONNULL = YES;
				CLANG_ANALYZER_NUMBER_OBJECT_CONVERSION = YES_AGGRESSIVE;
				CLANG_CXX_LANGUAGE_STANDARD = "gnu++20";
				CLANG_ENABLE_MODULES = YES;
				CLANG_ENABLE_OBJC_ARC = YES;
				CLANG_ENABLE_OBJC_WEAK = YES;
				CLANG_WARN_BLOCK_CAPTURE_AUTORELEASING = YES;
				CLANG_WARN_BOOL_CONVERSION = YES;
				CLANG_WARN_COMMA = YES;
				CLANG_WARN_CONSTANT_CONVERSION = YES;
				CLANG_WARN_DEPRECATED_OBJC_IMPLEMENTATIONS = YES;
				CLANG_WARN_DIRECT_OBJC_ISA_USAGE = YES_ERROR;
				CLANG_WARN_DOCUMENTATION_COMMENTS = YES;
				CLANG_WARN_EMPTY_BODY = YES;
				CLANG_WARN_ENUM_CONVERSION = YES;
				CLANG_WARN_INFINITE_RECURSION = YES;
				CLANG_WARN_INT_CONVERSION = YES;
				CLANG_WARN_NON_LITERAL_NULL_CONVERSION = YES;
				CLANG_WARN_OBJC_IMPLICIT_RETAIN_SELF = YES;
				CLANG_WARN_OBJC_LITERAL_CONVERSION = YES;
				CLANG_WARN_OBJC_ROOT_CLASS = YES_ERROR;
				CLANG_WARN_QUOTED_INCLUDE_IN_FRAMEWORK_HEADER = YES;
				CLANG_WARN_RANGE_LOOP_ANALYSIS = YES;
				CLANG_WARN_STRICT_PROTOTYPES = YES;
				CLANG_WARN_SUSPICIOUS_MOVE = YES;
				CLANG_WARN_UNGUARDED_AVAILABILITY = YES_AGGRESSIVE;
				CLANG_WARN_UNREACHABLE_CODE = YES;
				CLANG_WARN__DUPLICATE_METHOD_MATCH = YES;
				COPY_PHASE_STRIP = NO;
				DEBUG_INFORMATION_FORMAT = dwarf;
				ENABLE_STRICT_OBJC_MSGSEND = YES;
				ENABLE_TESTABILITY = YES;
				GCC_C_LANGUAGE_STANDARD = gnu11;
				GCC_DYNAMIC_NO_PIC = NO;
				GCC_NO_COMMON_BLOCKS = YES;
				GCC_OPTIMIZATION_LEVEL = 0;
				GCC_PREPROCESSOR_DEFINITIONS = (
					"DEBUG=1",
					"$(inherited)",
				);
				GCC_WARN_64_TO_32_BIT_CONVERSION = YES;
				GCC_WARN_ABOUT_RETURN_TYPE = YES_ERROR;
				GCC_WARN_UNDECLARED_SELECTOR = YES;
				GCC_WARN_UNINITIALIZED_AUTOS = YES_AGGRESSIVE;
				GCC_WARN_UNUSED_FUNCTION = YES;
				GCC_WARN_UNUSED_VARIABLE = YES;
				IPHONEOS_DEPLOYMENT_TARGET = 16.2;
				MTL_ENABLE_DEBUG_INFO = INCLUDE_SOURCE;
				MTL_FAST_MATH = YES;
				ONLY_ACTIVE_ARCH = YES;
				SDKROOT = iphoneos;
				SWIFT_ACTIVE_COMPILATION_CONDITIONS = DEBUG;
				SWIFT_OPTIMIZATION_LEVEL = "-Onone";
			};
			name = Debug;
		};
		52368BBB2A5715FD00610C9E /* Release */ = {
			isa = XCBuildConfiguration;
			buildSettings = {
				ALWAYS_SEARCH_USER_PATHS = NO;
				CLANG_ANALYZER_NONNULL = YES;
				CLANG_ANALYZER_NUMBER_OBJECT_CONVERSION = YES_AGGRESSIVE;
				CLANG_CXX_LANGUAGE_STANDARD = "gnu++20";
				CLANG_ENABLE_MODULES = YES;
				CLANG_ENABLE_OBJC_ARC = YES;
				CLANG_ENABLE_OBJC_WEAK = YES;
				CLANG_WARN_BLOCK_CAPTURE_AUTORELEASING = YES;
				CLANG_WARN_BOOL_CONVERSION = YES;
				CLANG_WARN_COMMA = YES;
				CLANG_WARN_CONSTANT_CONVERSION = YES;
				CLANG_WARN_DEPRECATED_OBJC_IMPLEMENTATIONS = YES;
				CLANG_WARN_DIRECT_OBJC_ISA_USAGE = YES_ERROR;
				CLANG_WARN_DOCUMENTATION_COMMENTS = YES;
				CLANG_WARN_EMPTY_BODY = YES;
				CLANG_WARN_ENUM_CONVERSION = YES;
				CLANG_WARN_INFINITE_RECURSION = YES;
				CLANG_WARN_INT_CONVERSION = YES;
				CLANG_WARN_NON_LITERAL_NULL_CONVERSION = YES;
				CLANG_WARN_OBJC_IMPLICIT_RETAIN_SELF = YES;
				CLANG_WARN_OBJC_LITERAL_CONVERSION = YES;
				CLANG_WARN_OBJC_ROOT_CLASS = YES_ERROR;
				CLANG_WARN_QUOTED_INCLUDE_IN_FRAMEWORK_HEADER = YES;
				CLANG_WARN_RANGE_LOOP_ANALYSIS = YES;
				CLANG_WARN_STRICT_PROTOTYPES = YES;
				CLANG_WARN_SUSPICIOUS_MOVE = YES;
				CLANG_WARN_UNGUARDED_AVAILABILITY = YES_AGGRESSIVE;
				CLANG_WARN_UNREACHABLE_CODE = YES;
				CLANG_WARN__DUPLICATE_METHOD_MATCH = YES;
				COPY_PHASE_STRIP = NO;
				DEBUG_INFORMATION_FORMAT = "dwarf-with-dsym";
				ENABLE_NS_ASSERTIONS = NO;
				ENABLE_STRICT_OBJC_MSGSEND = YES;
				GCC_C_LANGUAGE_STANDARD = gnu11;
				GCC_NO_COMMON_BLOCKS = YES;
				GCC_WARN_64_TO_32_BIT_CONVERSION = YES;
				GCC_WARN_ABOUT_RETURN_TYPE = YES_ERROR;
				GCC_WARN_UNDECLARED_SELECTOR = YES;
				GCC_WARN_UNINITIALIZED_AUTOS = YES_AGGRESSIVE;
				GCC_WARN_UNUSED_FUNCTION = YES;
				GCC_WARN_UNUSED_VARIABLE = YES;
				IPHONEOS_DEPLOYMENT_TARGET = 16.2;
				MTL_ENABLE_DEBUG_INFO = NO;
				MTL_FAST_MATH = YES;
				SDKROOT = iphoneos;
				SWIFT_COMPILATION_MODE = wholemodule;
				SWIFT_OPTIMIZATION_LEVEL = "-O";
				VALIDATE_PRODUCT = YES;
			};
			name = Release;
		};
		52368BBD2A5715FD00610C9E /* Debug */ = {
			isa = XCBuildConfiguration;
			buildSettings = {
				ASSETCATALOG_COMPILER_APPICON_NAME = AppIcon;
				ASSETCATALOG_COMPILER_GLOBAL_ACCENT_COLOR_NAME = AccentColor;
				CODE_SIGN_STYLE = Automatic;
				CURRENT_PROJECT_VERSION = 1;
				DEVELOPMENT_TEAM = WB95YZC6J4;
				GENERATE_INFOPLIST_FILE = YES;
				INFOPLIST_FILE = CustomCellExpandTbv/Info.plist;
				INFOPLIST_KEY_UIApplicationSupportsIndirectInputEvents = YES;
				INFOPLIST_KEY_UILaunchStoryboardName = LaunchScreen;
				INFOPLIST_KEY_UIMainStoryboardFile = Main;
				INFOPLIST_KEY_UISupportedInterfaceOrientations_iPad = "UIInterfaceOrientationPortrait UIInterfaceOrientationPortraitUpsideDown UIInterfaceOrientationLandscapeLeft UIInterfaceOrientationLandscapeRight";
				INFOPLIST_KEY_UISupportedInterfaceOrientations_iPhone = "UIInterfaceOrientationPortrait UIInterfaceOrientationLandscapeLeft UIInterfaceOrientationLandscapeRight";
				LD_RUNPATH_SEARCH_PATHS = (
					"$(inherited)",
					"@executable_path/Frameworks",
				);
				MARKETING_VERSION = 1.0;
				PRODUCT_BUNDLE_IDENTIFIER = com.ThanhPhongPham.CustomCellExpandTbv;
				PRODUCT_NAME = "$(TARGET_NAME)";
				SWIFT_EMIT_LOC_STRINGS = YES;
				SWIFT_VERSION = 5.0;
				TARGETED_DEVICE_FAMILY = "1,2";
			};
			name = Debug;
		};
		52368BBE2A5715FD00610C9E /* Release */ = {
			isa = XCBuildConfiguration;
			buildSettings = {
				ASSETCATALOG_COMPILER_APPICON_NAME = AppIcon;
				ASSETCATALOG_COMPILER_GLOBAL_ACCENT_COLOR_NAME = AccentColor;
				CODE_SIGN_STYLE = Automatic;
				CURRENT_PROJECT_VERSION = 1;
				DEVELOPMENT_TEAM = WB95YZC6J4;
				GENERATE_INFOPLIST_FILE = YES;
				INFOPLIST_FILE = CustomCellExpandTbv/Info.plist;
				INFOPLIST_KEY_UIApplicationSupportsIndirectInputEvents = YES;
				INFOPLIST_KEY_UILaunchStoryboardName = LaunchScreen;
				INFOPLIST_KEY_UIMainStoryboardFile = Main;
				INFOPLIST_KEY_UISupportedInterfaceOrientations_iPad = "UIInterfaceOrientationPortrait UIInterfaceOrientationPortraitUpsideDown UIInterfaceOrientationLandscapeLeft UIInterfaceOrientationLandscapeRight";
				INFOPLIST_KEY_UISupportedInterfaceOrientations_iPhone = "UIInterfaceOrientationPortrait UIInterfaceOrientationLandscapeLeft UIInterfaceOrientationLandscapeRight";
				LD_RUNPATH_SEARCH_PATHS = (
					"$(inherited)",
					"@executable_path/Frameworks",
				);
				MARKETING_VERSION = 1.0;
				PRODUCT_BUNDLE_IDENTIFIER = com.ThanhPhongPham.CustomCellExpandTbv;
				PRODUCT_NAME = "$(TARGET_NAME)";
				SWIFT_EMIT_LOC_STRINGS = YES;
				SWIFT_VERSION = 5.0;
				TARGETED_DEVICE_FAMILY = "1,2";
			};
			name = Release;
		};
/* End XCBuildConfiguration section */

/* Begin XCConfigurationList section */
		52368BA32A5715FA00610C9E /* Build configuration list for PBXProject "CustomCellExpandTbv" */ = {
			isa = XCConfigurationList;
			buildConfigurations = (
				52368BBA2A5715FD00610C9E /* Debug */,
				52368BBB2A5715FD00610C9E /* Release */,
			);
			defaultConfigurationIsVisible = 0;
			defaultConfigurationName = Release;
		};
		52368BBC2A5715FD00610C9E /* Build configuration list for PBXNativeTarget "CustomCellExpandTbv" */ = {
			isa = XCConfigurationList;
			buildConfigurations = (
				52368BBD2A5715FD00610C9E /* Debug */,
				52368BBE2A5715FD00610C9E /* Release */,
			);
			defaultConfigurationIsVisible = 0;
			defaultConfigurationName = Release;
		};
/* End XCConfigurationList section */
	};
	rootObject = 52368BA02A5715FA00610C9E /* Project object */;
}
